
Microsoft Visual Studio Solution File, Format Version 12.00
# Visual Studio Version 17
VisualStudioVersion = 17.0.31903.59
MinimumVisualStudioVersion = 10.0.40219.1
Project("{2150E333-8FDC-42A3-9474-1A3956D46DE8}") = "Src", "Src", "{827E0CD3-B72D-47B6-A68D-7590B98EB39B}"
EndProject
Project("{2150E333-8FDC-42A3-9474-1A3956D46DE8}") = "Domain", "Domain", "{8B290487-4C16-E85E-E807-F579CBE9FC4D}"
EndProject
Project("{FAE04EC0-301F-11D3-BF4B-00C04F79EFBC}") = "Ahmad.Mafia.Domain", "Src\Domain\Ahmad.Mafia.Domain\Ahmad.Mafia.Domain.csproj", "{2E5A6E57-A4E1-494F-A47B-B0A433A0433A}"
EndProject
Project("{FAE04EC0-301F-11D3-BF4B-00C04F79EFBC}") = "Ahmad.Mafia.Event", "Src\Domain\Ahmad.Mafia.Event\Ahmad.Mafia.Event.csproj", "{5F68B093-E6CB-46B3-A14B-78F7CCE0C3D8}"
EndProject
Project("{FAE04EC0-301F-11D3-BF4B-00C04F79EFBC}") = "Ahmad.Mafia.Application.Contract", "Src\Application\Ahmad.Mafia.Application.Contract\Ahmad.Mafia.Application.Contract.csproj", "{6A4B629C-99C3-47E9-B107-E87978471946}"
EndProject
Project("{FAE04EC0-301F-11D3-BF4B-00C04F79EFBC}") = "Ahmad.Mafia.Application.Query.Contract", "Src\Application\Ahmad.Mafia.Application.Query.Contract\Ahmad.Mafia.Application.Query.Contract.csproj", "{4461C04C-3EBE-429A-BAA2-D9FCB4F5A244}"
EndProject
Project("{FAE04EC0-301F-11D3-BF4B-00C04F79EFBC}") = "Ahmad.Mafia.Application", "Src\Application\Ahmad.Mafia.Application\Ahmad.Mafia.Application.csproj", "{2405DD84-FCA0-4F49-AB26-4531297CBF1F}"
EndProject
Project("{FAE04EC0-301F-11D3-BF4B-00C04F79EFBC}") = "Ahmad.Mafia.Application.Query", "Src\Application\Ahmad.Mafia.Application.Query\Ahmad.Mafia.Application.Query.csproj", "{A03E39D8-0EBB-4331-9698-4CD01DFDF97A}"
EndProject
Project("{FAE04EC0-301F-11D3-BF4B-00C04F79EFBC}") = "Ahmad.Mafia.Application.Validators", "Src\Application\Ahmad.Mafia.Application.Validators\Ahmad.Mafia.Application.Validators.csproj", "{87CC1EF5-7540-4A51-BEAE-970A4F35DF5C}"
EndProject
Project("{FAE04EC0-301F-11D3-BF4B-00C04F79EFBC}") = "Ahmad.Mafia.Event.Handler", "Src\Application\Ahmad.Mafia.Event.Handler\Ahmad.Mafia.Event.Handler.csproj", "{A68AC7F0-88A9-417A-926B-39DB09DDD57C}"
EndProject
Project("{FAE04EC0-301F-11D3-BF4B-00C04F79EFBC}") = "Ahmad.Mafia.Persistence.EF", "Src\Infrastructure\Ahmad.Mafia.Persistence.EF\Ahmad.Mafia.Persistence.EF.csproj", "{40274F4C-0BB3-47BC-9545-FAE1C5C41F1F}"
EndProject
Project("{FAE04EC0-301F-11D3-BF4B-00C04F79EFBC}") = "Ahmad.Mafia.API.Config", "Src\Infrastructure\Ahmad.Mafia.API.Config\Ahmad.Mafia.API.Config.csproj", "{998D3612-D905-4B3E-9CE4-BED3682FB11E}"
EndProject
Project("{FAE04EC0-301F-11D3-BF4B-00C04F79EFBC}") = "Ahmad.Mafia.API.Rest", "Src\Rest\Ahmad.Mafia.API.Rest\Ahmad.Mafia.API.Rest.csproj", "{8F959F96-856E-4BC5-A816-7AE978EA04B4}"
EndProject
Project("{FAE04EC0-301F-11D3-BF4B-00C04F79EFBC}") = "Ahmad.Mafia.ServiceHost", "Src\Host\Ahmad.Mafia.ServiceHost\Ahmad.Mafia.ServiceHost.csproj", "{8573AFBB-C5A4-42FD-804D-D05FC0024CFD}"
EndProject
Project("{FAE04EC0-301F-11D3-BF4B-00C04F79EFBC}") = "Ahmad.Mafia.Domain.Tests", "Test\Ahmad.Mafia.Domain.Tests\Ahmad.Mafia.Domain.Tests.csproj", "{C7835AB0-CC0F-4DEE-A0DC-916F249C2FF7}"
EndProject
Project("{FAE04EC0-301F-11D3-BF4B-00C04F79EFBC}") = "Ahmad.Mafia.Application.Tests", "Test\Ahmad.Mafia.Application.Tests\Ahmad.Mafia.Application.Tests.csproj", "{DE0E051E-C851-47C3-A178-469DA680EE10}"
EndProject
Project("{2150E333-8FDC-42A3-9474-1A3956D46DE8}") = "Infrastructure", "Infrastructure", "{9048EB7F-3875-A59E-E36B-5BD4C6F2A282}"
EndProject
Project("{FAE04EC0-301F-11D3-BF4B-00C04F79EFBC}") = "Ahmad.Mafia.Read.Dapper", "Src\Infrastructure\Ahmad.Mafia.Read.Dapper\Ahmad.Mafia.Read.Dapper.csproj", "{7679B8D9-C52F-4BD9-9DCF-5ABCA7D200F5}"
EndProject
Project("{2150E333-8FDC-42A3-9474-1A3956D46DE8}") = "Host", "Host", "{981C2CF6-E5BB-602A-511C-234B538302B0}"
EndProject
Project("{FAE04EC0-301F-11D3-BF4B-00C04F79EFBC}") = "Ahmad.Mafia.Option", "Src\Host\Ahmad.Mafia.Option\Ahmad.Mafia.Option.csproj", "{5A472BF7-3DF6-420F-857A-754511125732}"
EndProject
Global
	GlobalSection(SolutionConfigurationPlatforms) = preSolution
		Debug|Any CPU = Debug|Any CPU
		Debug|x64 = Debug|x64
		Debug|x86 = Debug|x86
		Release|Any CPU = Release|Any CPU
		Release|x64 = Release|x64
		Release|x86 = Release|x86
	EndGlobalSection
	GlobalSection(ProjectConfigurationPlatforms) = postSolution
		{2E5A6E57-A4E1-494F-A47B-B0A433A0433A}.Debug|Any CPU.ActiveCfg = Debug|Any CPU
		{2E5A6E57-A4E1-494F-A47B-B0A433A0433A}.Debug|Any CPU.Build.0 = Debug|Any CPU
		{2E5A6E57-A4E1-494F-A47B-B0A433A0433A}.Debug|x64.ActiveCfg = Debug|Any CPU
		{2E5A6E57-A4E1-494F-A47B-B0A433A0433A}.Debug|x64.Build.0 = Debug|Any CPU
		{2E5A6E57-A4E1-494F-A47B-B0A433A0433A}.Debug|x86.ActiveCfg = Debug|Any CPU
		{2E5A6E57-A4E1-494F-A47B-B0A433A0433A}.Debug|x86.Build.0 = Debug|Any CPU
		{2E5A6E57-A4E1-494F-A47B-B0A433A0433A}.Release|Any CPU.ActiveCfg = Release|Any CPU
		{2E5A6E57-A4E1-494F-A47B-B0A433A0433A}.Release|Any CPU.Build.0 = Release|Any CPU
		{2E5A6E57-A4E1-494F-A47B-B0A433A0433A}.Release|x64.ActiveCfg = Release|Any CPU
		{2E5A6E57-A4E1-494F-A47B-B0A433A0433A}.Release|x64.Build.0 = Release|Any CPU
		{2E5A6E57-A4E1-494F-A47B-B0A433A0433A}.Release|x86.ActiveCfg = Release|Any CPU
		{2E5A6E57-A4E1-494F-A47B-B0A433A0433A}.Release|x86.Build.0 = Release|Any CPU
		{5F68B093-E6CB-46B3-A14B-78F7CCE0C3D8}.Debug|Any CPU.ActiveCfg = Debug|Any CPU
		{5F68B093-E6CB-46B3-A14B-78F7CCE0C3D8}.Debug|Any CPU.Build.0 = Debug|Any CPU
		{5F68B093-E6CB-46B3-A14B-78F7CCE0C3D8}.Debug|x64.ActiveCfg = Debug|Any CPU
		{5F68B093-E6CB-46B3-A14B-78F7CCE0C3D8}.Debug|x64.Build.0 = Debug|Any CPU
		{5F68B093-E6CB-46B3-A14B-78F7CCE0C3D8}.Debug|x86.ActiveCfg = Debug|Any CPU
		{5F68B093-E6CB-46B3-A14B-78F7CCE0C3D8}.Debug|x86.Build.0 = Debug|Any CPU
		{5F68B093-E6CB-46B3-A14B-78F7CCE0C3D8}.Release|Any CPU.ActiveCfg = Release|Any CPU
		{5F68B093-E6CB-46B3-A14B-78F7CCE0C3D8}.Release|Any CPU.Build.0 = Release|Any CPU
		{5F68B093-E6CB-46B3-A14B-78F7CCE0C3D8}.Release|x64.ActiveCfg = Release|Any CPU
		{5F68B093-E6CB-46B3-A14B-78F7CCE0C3D8}.Release|x64.Build.0 = Release|Any CPU
		{5F68B093-E6CB-46B3-A14B-78F7CCE0C3D8}.Release|x86.ActiveCfg = Release|Any CPU
		{5F68B093-E6CB-46B3-A14B-78F7CCE0C3D8}.Release|x86.Build.0 = Release|Any CPU
		{6A4B629C-99C3-47E9-B107-E87978471946}.Debug|Any CPU.ActiveCfg = Debug|Any CPU
		{6A4B629C-99C3-47E9-B107-E87978471946}.Debug|Any CPU.Build.0 = Debug|Any CPU
		{6A4B629C-99C3-47E9-B107-E87978471946}.Debug|x64.ActiveCfg = Debug|Any CPU
		{6A4B629C-99C3-47E9-B107-E87978471946}.Debug|x64.Build.0 = Debug|Any CPU
		{6A4B629C-99C3-47E9-B107-E87978471946}.Debug|x86.ActiveCfg = Debug|Any CPU
		{6A4B629C-99C3-47E9-B107-E87978471946}.Debug|x86.Build.0 = Debug|Any CPU
		{6A4B629C-99C3-47E9-B107-E87978471946}.Release|Any CPU.ActiveCfg = Release|Any CPU
		{6A4B629C-99C3-47E9-B107-E87978471946}.Release|Any CPU.Build.0 = Release|Any CPU
		{6A4B629C-99C3-47E9-B107-E87978471946}.Release|x64.ActiveCfg = Release|Any CPU
		{6A4B629C-99C3-47E9-B107-E87978471946}.Release|x64.Build.0 = Release|Any CPU
		{6A4B629C-99C3-47E9-B107-E87978471946}.Release|x86.ActiveCfg = Release|Any CPU
		{6A4B629C-99C3-47E9-B107-E87978471946}.Release|x86.Build.0 = Release|Any CPU
		{4461C04C-3EBE-429A-BAA2-D9FCB4F5A244}.Debug|Any CPU.ActiveCfg = Debug|Any CPU
		{4461C04C-3EBE-429A-BAA2-D9FCB4F5A244}.Debug|Any CPU.Build.0 = Debug|Any CPU
		{4461C04C-3EBE-429A-BAA2-D9FCB4F5A244}.Debug|x64.ActiveCfg = Debug|Any CPU
		{4461C04C-3EBE-429A-BAA2-D9FCB4F5A244}.Debug|x64.Build.0 = Debug|Any CPU
		{4461C04C-3EBE-429A-BAA2-D9FCB4F5A244}.Debug|x86.ActiveCfg = Debug|Any CPU
		{4461C04C-3EBE-429A-BAA2-D9FCB4F5A244}.Debug|x86.Build.0 = Debug|Any CPU
		{4461C04C-3EBE-429A-BAA2-D9FCB4F5A244}.Release|Any CPU.ActiveCfg = Release|Any CPU
		{4461C04C-3EBE-429A-BAA2-D9FCB4F5A244}.Release|Any CPU.Build.0 = Release|Any CPU
		{4461C04C-3EBE-429A-BAA2-D9FCB4F5A244}.Release|x64.ActiveCfg = Release|Any CPU
		{4461C04C-3EBE-429A-BAA2-D9FCB4F5A244}.Release|x64.Build.0 = Release|Any CPU
		{4461C04C-3EBE-429A-BAA2-D9FCB4F5A244}.Release|x86.ActiveCfg = Release|Any CPU
		{4461C04C-3EBE-429A-BAA2-D9FCB4F5A244}.Release|x86.Build.0 = Release|Any CPU
		{2405DD84-FCA0-4F49-AB26-4531297CBF1F}.Debug|Any CPU.ActiveCfg = Debug|Any CPU
		{2405DD84-FCA0-4F49-AB26-4531297CBF1F}.Debug|Any CPU.Build.0 = Debug|Any CPU
		{2405DD84-FCA0-4F49-AB26-4531297CBF1F}.Debug|x64.ActiveCfg = Debug|Any CPU
		{2405DD84-FCA0-4F49-AB26-4531297CBF1F}.Debug|x64.Build.0 = Debug|Any CPU
		{2405DD84-FCA0-4F49-AB26-4531297CBF1F}.Debug|x86.ActiveCfg = Debug|Any CPU
		{2405DD84-FCA0-4F49-AB26-4531297CBF1F}.Debug|x86.Build.0 = Debug|Any CPU
		{2405DD84-FCA0-4F49-AB26-4531297CBF1F}.Release|Any CPU.ActiveCfg = Release|Any CPU
		{2405DD84-FCA0-4F49-AB26-4531297CBF1F}.Release|Any CPU.Build.0 = Release|Any CPU
		{2405DD84-FCA0-4F49-AB26-4531297CBF1F}.Release|x64.ActiveCfg = Release|Any CPU
		{2405DD84-FCA0-4F49-AB26-4531297CBF1F}.Release|x64.Build.0 = Release|Any CPU
		{2405DD84-FCA0-4F49-AB26-4531297CBF1F}.Release|x86.ActiveCfg = Release|Any CPU
		{2405DD84-FCA0-4F49-AB26-4531297CBF1F}.Release|x86.Build.0 = Release|Any CPU
		{A03E39D8-0EBB-4331-9698-4CD01DFDF97A}.Debug|Any CPU.ActiveCfg = Debug|Any CPU
		{A03E39D8-0EBB-4331-9698-4CD01DFDF97A}.Debug|Any CPU.Build.0 = Debug|Any CPU
		{A03E39D8-0EBB-4331-9698-4CD01DFDF97A}.Debug|x64.ActiveCfg = Debug|Any CPU
		{A03E39D8-0EBB-4331-9698-4CD01DFDF97A}.Debug|x64.Build.0 = Debug|Any CPU
		{A03E39D8-0EBB-4331-9698-4CD01DFDF97A}.Debug|x86.ActiveCfg = Debug|Any CPU
		{A03E39D8-0EBB-4331-9698-4CD01DFDF97A}.Debug|x86.Build.0 = Debug|Any CPU
		{A03E39D8-0EBB-4331-9698-4CD01DFDF97A}.Release|Any CPU.ActiveCfg = Release|Any CPU
		{A03E39D8-0EBB-4331-9698-4CD01DFDF97A}.Release|Any CPU.Build.0 = Release|Any CPU
		{A03E39D8-0EBB-4331-9698-4CD01DFDF97A}.Release|x64.ActiveCfg = Release|Any CPU
		{A03E39D8-0EBB-4331-9698-4CD01DFDF97A}.Release|x64.Build.0 = Release|Any CPU
		{A03E39D8-0EBB-4331-9698-4CD01DFDF97A}.Release|x86.ActiveCfg = Release|Any CPU
		{A03E39D8-0EBB-4331-9698-4CD01DFDF97A}.Release|x86.Build.0 = Release|Any CPU
		{87CC1EF5-7540-4A51-BEAE-970A4F35DF5C}.Debug|Any CPU.ActiveCfg = Debug|Any CPU
		{87CC1EF5-7540-4A51-BEAE-970A4F35DF5C}.Debug|Any CPU.Build.0 = Debug|Any CPU
		{87CC1EF5-7540-4A51-BEAE-970A4F35DF5C}.Debug|x64.ActiveCfg = Debug|Any CPU
		{87CC1EF5-7540-4A51-BEAE-970A4F35DF5C}.Debug|x64.Build.0 = Debug|Any CPU
		{87CC1EF5-7540-4A51-BEAE-970A4F35DF5C}.Debug|x86.ActiveCfg = Debug|Any CPU
		{87CC1EF5-7540-4A51-BEAE-970A4F35DF5C}.Debug|x86.Build.0 = Debug|Any CPU
		{87CC1EF5-7540-4A51-BEAE-970A4F35DF5C}.Release|Any CPU.ActiveCfg = Release|Any CPU
		{87CC1EF5-7540-4A51-BEAE-970A4F35DF5C}.Release|Any CPU.Build.0 = Release|Any CPU
		{87CC1EF5-7540-4A51-BEAE-970A4F35DF5C}.Release|x64.ActiveCfg = Release|Any CPU
		{87CC1EF5-7540-4A51-BEAE-970A4F35DF5C}.Release|x64.Build.0 = Release|Any CPU
		{87CC1EF5-7540-4A51-BEAE-970A4F35DF5C}.Release|x86.ActiveCfg = Release|Any CPU
		{87CC1EF5-7540-4A51-BEAE-970A4F35DF5C}.Release|x86.Build.0 = Release|Any CPU
		{A68AC7F0-88A9-417A-926B-39DB09DDD57C}.Debug|Any CPU.ActiveCfg = Debug|Any CPU
		{A68AC7F0-88A9-417A-926B-39DB09DDD57C}.Debug|Any CPU.Build.0 = Debug|Any CPU
		{A68AC7F0-88A9-417A-926B-39DB09DDD57C}.Debug|x64.ActiveCfg = Debug|Any CPU
		{A68AC7F0-88A9-417A-926B-39DB09DDD57C}.Debug|x64.Build.0 = Debug|Any CPU
		{A68AC7F0-88A9-417A-926B-39DB09DDD57C}.Debug|x86.ActiveCfg = Debug|Any CPU
		{A68AC7F0-88A9-417A-926B-39DB09DDD57C}.Debug|x86.Build.0 = Debug|Any CPU
		{A68AC7F0-88A9-417A-926B-39DB09DDD57C}.Release|Any CPU.ActiveCfg = Release|Any CPU
		{A68AC7F0-88A9-417A-926B-39DB09DDD57C}.Release|Any CPU.Build.0 = Release|Any CPU
		{A68AC7F0-88A9-417A-926B-39DB09DDD57C}.Release|x64.ActiveCfg = Release|Any CPU
		{A68AC7F0-88A9-417A-926B-39DB09DDD57C}.Release|x64.Build.0 = Release|Any CPU
		{A68AC7F0-88A9-417A-926B-39DB09DDD57C}.Release|x86.ActiveCfg = Release|Any CPU
		{A68AC7F0-88A9-417A-926B-39DB09DDD57C}.Release|x86.Build.0 = Release|Any CPU
		{40274F4C-0BB3-47BC-9545-FAE1C5C41F1F}.Debug|Any CPU.ActiveCfg = Debug|Any CPU
		{40274F4C-0BB3-47BC-9545-FAE1C5C41F1F}.Debug|Any CPU.Build.0 = Debug|Any CPU
		{40274F4C-0BB3-47BC-9545-FAE1C5C41F1F}.Debug|x64.ActiveCfg = Debug|Any CPU
		{40274F4C-0BB3-47BC-9545-FAE1C5C41F1F}.Debug|x64.Build.0 = Debug|Any CPU
		{40274F4C-0BB3-47BC-9545-FAE1C5C41F1F}.Debug|x86.ActiveCfg = Debug|Any CPU
		{40274F4C-0BB3-47BC-9545-FAE1C5C41F1F}.Debug|x86.Build.0 = Debug|Any CPU
		{40274F4C-0BB3-47BC-9545-FAE1C5C41F1F}.Release|Any CPU.ActiveCfg = Release|Any CPU
		{40274F4C-0BB3-47BC-9545-FAE1C5C41F1F}.Release|Any CPU.Build.0 = Release|Any CPU
		{40274F4C-0BB3-47BC-9545-FAE1C5C41F1F}.Release|x64.ActiveCfg = Release|Any CPU
		{40274F4C-0BB3-47BC-9545-FAE1C5C41F1F}.Release|x64.Build.0 = Release|Any CPU
		{40274F4C-0BB3-47BC-9545-FAE1C5C41F1F}.Release|x86.ActiveCfg = Release|Any CPU
		{40274F4C-0BB3-47BC-9545-FAE1C5C41F1F}.Release|x86.Build.0 = Release|Any CPU
		{998D3612-D905-4B3E-9CE4-BED3682FB11E}.Debug|Any CPU.ActiveCfg = Debug|Any CPU
		{998D3612-D905-4B3E-9CE4-BED3682FB11E}.Debug|Any CPU.Build.0 = Debug|Any CPU
		{998D3612-D905-4B3E-9CE4-BED3682FB11E}.Debug|x64.ActiveCfg = Debug|Any CPU
		{998D3612-D905-4B3E-9CE4-BED3682FB11E}.Debug|x64.Build.0 = Debug|Any CPU
		{998D3612-D905-4B3E-9CE4-BED3682FB11E}.Debug|x86.ActiveCfg = Debug|Any CPU
		{998D3612-D905-4B3E-9CE4-BED3682FB11E}.Debug|x86.Build.0 = Debug|Any CPU
		{998D3612-D905-4B3E-9CE4-BED3682FB11E}.Release|Any CPU.ActiveCfg = Release|Any CPU
		{998D3612-D905-4B3E-9CE4-BED3682FB11E}.Release|Any CPU.Build.0 = Release|Any CPU
		{998D3612-D905-4B3E-9CE4-BED3682FB11E}.Release|x64.ActiveCfg = Release|Any CPU
		{998D3612-D905-4B3E-9CE4-BED3682FB11E}.Release|x64.Build.0 = Release|Any CPU
		{998D3612-D905-4B3E-9CE4-BED3682FB11E}.Release|x86.ActiveCfg = Release|Any CPU
		{998D3612-D905-4B3E-9CE4-BED3682FB11E}.Release|x86.Build.0 = Release|Any CPU
		{8F959F96-856E-4BC5-A816-7AE978EA04B4}.Debug|Any CPU.ActiveCfg = Debug|Any CPU
		{8F959F96-856E-4BC5-A816-7AE978EA04B4}.Debug|Any CPU.Build.0 = Debug|Any CPU
		{8F959F96-856E-4BC5-A816-7AE978EA04B4}.Debug|x64.ActiveCfg = Debug|Any CPU
		{8F959F96-856E-4BC5-A816-7AE978EA04B4}.Debug|x64.Build.0 = Debug|Any CPU
		{8F959F96-856E-4BC5-A816-7AE978EA04B4}.Debug|x86.ActiveCfg = Debug|Any CPU
		{8F959F96-856E-4BC5-A816-7AE978EA04B4}.Debug|x86.Build.0 = Debug|Any CPU
		{8F959F96-856E-4BC5-A816-7AE978EA04B4}.Release|Any CPU.ActiveCfg = Release|Any CPU
		{8F959F96-856E-4BC5-A816-7AE978EA04B4}.Release|Any CPU.Build.0 = Release|Any CPU
		{8F959F96-856E-4BC5-A816-7AE978EA04B4}.Release|x64.ActiveCfg = Release|Any CPU
		{8F959F96-856E-4BC5-A816-7AE978EA04B4}.Release|x64.Build.0 = Release|Any CPU
		{8F959F96-856E-4BC5-A816-7AE978EA04B4}.Release|x86.ActiveCfg = Release|Any CPU
		{8F959F96-856E-4BC5-A816-7AE978EA04B4}.Release|x86.Build.0 = Release|Any CPU
		{8573AFBB-C5A4-42FD-804D-D05FC0024CFD}.Debug|Any CPU.ActiveCfg = Debug|Any CPU
		{8573AFBB-C5A4-42FD-804D-D05FC0024CFD}.Debug|Any CPU.Build.0 = Debug|Any CPU
		{8573AFBB-C5A4-42FD-804D-D05FC0024CFD}.Debug|x64.ActiveCfg = Debug|Any CPU
		{8573AFBB-C5A4-42FD-804D-D05FC0024CFD}.Debug|x64.Build.0 = Debug|Any CPU
		{8573AFBB-C5A4-42FD-804D-D05FC0024CFD}.Debug|x86.ActiveCfg = Debug|Any CPU
		{8573AFBB-C5A4-42FD-804D-D05FC0024CFD}.Debug|x86.Build.0 = Debug|Any CPU
		{8573AFBB-C5A4-42FD-804D-D05FC0024CFD}.Release|Any CPU.ActiveCfg = Release|Any CPU
		{8573AFBB-C5A4-42FD-804D-D05FC0024CFD}.Release|Any CPU.Build.0 = Release|Any CPU
		{8573AFBB-C5A4-42FD-804D-D05FC0024CFD}.Release|x64.ActiveCfg = Release|Any CPU
		{8573AFBB-C5A4-42FD-804D-D05FC0024CFD}.Release|x64.Build.0 = Release|Any CPU
		{8573AFBB-C5A4-42FD-804D-D05FC0024CFD}.Release|x86.ActiveCfg = Release|Any CPU
		{8573AFBB-C5A4-42FD-804D-D05FC0024CFD}.Release|x86.Build.0 = Release|Any CPU
		{C7835AB0-CC0F-4DEE-A0DC-916F249C2FF7}.Debug|Any CPU.ActiveCfg = Debug|Any CPU
		{C7835AB0-CC0F-4DEE-A0DC-916F249C2FF7}.Debug|Any CPU.Build.0 = Debug|Any CPU
		{C7835AB0-CC0F-4DEE-A0DC-916F249C2FF7}.Debug|x64.ActiveCfg = Debug|Any CPU
		{C7835AB0-CC0F-4DEE-A0DC-916F249C2FF7}.Debug|x64.Build.0 = Debug|Any CPU
		{C7835AB0-CC0F-4DEE-A0DC-916F249C2FF7}.Debug|x86.ActiveCfg = Debug|Any CPU
		{C7835AB0-CC0F-4DEE-A0DC-916F249C2FF7}.Debug|x86.Build.0 = Debug|Any CPU
		{C7835AB0-CC0F-4DEE-A0DC-916F249C2FF7}.Release|Any CPU.ActiveCfg = Release|Any CPU
		{C7835AB0-CC0F-4DEE-A0DC-916F249C2FF7}.Release|Any CPU.Build.0 = Release|Any CPU
		{C7835AB0-CC0F-4DEE-A0DC-916F249C2FF7}.Release|x64.ActiveCfg = Release|Any CPU
		{C7835AB0-CC0F-4DEE-A0DC-916F249C2FF7}.Release|x64.Build.0 = Release|Any CPU
		{C7835AB0-CC0F-4DEE-A0DC-916F249C2FF7}.Release|x86.ActiveCfg = Release|Any CPU
		{C7835AB0-CC0F-4DEE-A0DC-916F249C2FF7}.Release|x86.Build.0 = Release|Any CPU
		{DE0E051E-C851-47C3-A178-469DA680EE10}.Debug|Any CPU.ActiveCfg = Debug|Any CPU
		{DE0E051E-C851-47C3-A178-469DA680EE10}.Debug|Any CPU.Build.0 = Debug|Any CPU
		{DE0E051E-C851-47C3-A178-469DA680EE10}.Debug|x64.ActiveCfg = Debug|Any CPU
		{DE0E051E-C851-47C3-A178-469DA680EE10}.Debug|x64.Build.0 = Debug|Any CPU
		{DE0E051E-C851-47C3-A178-469DA680EE10}.Debug|x86.ActiveCfg = Debug|Any CPU
		{DE0E051E-C851-47C3-A178-469DA680EE10}.Debug|x86.Build.0 = Debug|Any CPU
		{DE0E051E-C851-47C3-A178-469DA680EE10}.Release|Any CPU.ActiveCfg = Release|Any CPU
		{DE0E051E-C851-47C3-A178-469DA680EE10}.Release|Any CPU.Build.0 = Release|Any CPU
		{DE0E051E-C851-47C3-A178-469DA680EE10}.Release|x64.ActiveCfg = Release|Any CPU
		{DE0E051E-C851-47C3-A178-469DA680EE10}.Release|x64.Build.0 = Release|Any CPU
		{DE0E051E-C851-47C3-A178-469DA680EE10}.Release|x86.ActiveCfg = Release|Any CPU
		{DE0E051E-C851-47C3-A178-469DA680EE10}.Release|x86.Build.0 = Release|Any CPU
		{7679B8D9-C52F-4BD9-9DCF-5ABCA7D200F5}.Debug|Any CPU.ActiveCfg = Debug|Any CPU
		{7679B8D9-C52F-4BD9-9DCF-5ABCA7D200F5}.Debug|Any CPU.Build.0 = Debug|Any CPU
		{7679B8D9-C52F-4BD9-9DCF-5ABCA7D200F5}.Debug|x64.ActiveCfg = Debug|Any CPU
		{7679B8D9-C52F-4BD9-9DCF-5ABCA7D200F5}.Debug|x64.Build.0 = Debug|Any CPU
		{7679B8D9-C52F-4BD9-9DCF-5ABCA7D200F5}.Debug|x86.ActiveCfg = Debug|Any CPU
		{7679B8D9-C52F-4BD9-9DCF-5ABCA7D200F5}.Debug|x86.Build.0 = Debug|Any CPU
		{7679B8D9-C52F-4BD9-9DCF-5ABCA7D200F5}.Release|Any CPU.ActiveCfg = Release|Any CPU
		{7679B8D9-C52F-4BD9-9DCF-5ABCA7D200F5}.Release|Any CPU.Build.0 = Release|Any CPU
		{7679B8D9-C52F-4BD9-9DCF-5ABCA7D200F5}.Release|x64.ActiveCfg = Release|Any CPU
		{7679B8D9-C52F-4BD9-9DCF-5ABCA7D200F5}.Release|x64.Build.0 = Release|Any CPU
		{7679B8D9-C52F-4BD9-9DCF-5ABCA7D200F5}.Release|x86.ActiveCfg = Release|Any CPU
		{7679B8D9-C52F-4BD9-9DCF-5ABCA7D200F5}.Release|x86.Build.0 = Release|Any CPU
		{5A472BF7-3DF6-420F-857A-754511125732}.Debug|Any CPU.ActiveCfg = Debug|Any CPU
		{5A472BF7-3DF6-420F-857A-754511125732}.Debug|Any CPU.Build.0 = Debug|Any CPU
		{5A472BF7-3DF6-420F-857A-754511125732}.Debug|x64.ActiveCfg = Debug|Any CPU
		{5A472BF7-3DF6-420F-857A-754511125732}.Debug|x64.Build.0 = Debug|Any CPU
		{5A472BF7-3DF6-420F-857A-754511125732}.Debug|x86.ActiveCfg = Debug|Any CPU
		{5A472BF7-3DF6-420F-857A-754511125732}.Debug|x86.Build.0 = Debug|Any CPU
		{5A472BF7-3DF6-420F-857A-754511125732}.Release|Any CPU.ActiveCfg = Release|Any CPU
		{5A472BF7-3DF6-420F-857A-754511125732}.Release|Any CPU.Build.0 = Release|Any CPU
		{5A472BF7-3DF6-420F-857A-754511125732}.Release|x64.ActiveCfg = Release|Any CPU
		{5A472BF7-3DF6-420F-857A-754511125732}.Release|x64.Build.0 = Release|Any CPU
		{5A472BF7-3DF6-420F-857A-754511125732}.Release|x86.ActiveCfg = Release|Any CPU
		{5A472BF7-3DF6-420F-857A-754511125732}.Release|x86.Build.0 = Release|Any CPU
	EndGlobalSection
	GlobalSection(SolutionProperties) = preSolution
		HideSolutionNode = FALSE
	EndGlobalSection
	GlobalSection(NestedProjects) = preSolution
		{8B290487-4C16-E85E-E807-F579CBE9FC4D} = {827E0CD3-B72D-47B6-A68D-7590B98EB39B}
		{2E5A6E57-A4E1-494F-A47B-B0A433A0433A} = {8B290487-4C16-E85E-E807-F579CBE9FC4D}
		{5F68B093-E6CB-46B3-A14B-78F7CCE0C3D8} = {8B290487-4C16-E85E-E807-F579CBE9FC4D}
		{6A4B629C-99C3-47E9-B107-E87978471946} = {8B290487-4C16-E85E-E807-F579CBE9FC4D}
		{4461C04C-3EBE-429A-BAA2-D9FCB4F5A244} = {8B290487-4C16-E85E-E807-F579CBE9FC4D}
		{2405DD84-FCA0-4F49-AB26-4531297CBF1F} = {8B290487-4C16-E85E-E807-F579CBE9FC4D}
		{A03E39D8-0EBB-4331-9698-4CD01DFDF97A} = {8B290487-4C16-E85E-E807-F579CBE9FC4D}
		{87CC1EF5-7540-4A51-BEAE-970A4F35DF5C} = {8B290487-4C16-E85E-E807-F579CBE9FC4D}
		{A68AC7F0-88A9-417A-926B-39DB09DDD57C} = {8B290487-4C16-E85E-E807-F579CBE9FC4D}
		{40274F4C-0BB3-47BC-9545-FAE1C5C41F1F} = {8B290487-4C16-E85E-E807-F579CBE9FC4D}
		{998D3612-D905-4B3E-9CE4-BED3682FB11E} = {8B290487-4C16-E85E-E807-F579CBE9FC4D}
		{8F959F96-856E-4BC5-A816-7AE978EA04B4} = {8B290487-4C16-E85E-E807-F579CBE9FC4D}
		{8573AFBB-C5A4-42FD-804D-D05FC0024CFD} = {8B290487-4C16-E85E-E807-F579CBE9FC4D}
		{C7835AB0-CC0F-4DEE-A0DC-916F249C2FF7} = {8B290487-4C16-E85E-E807-F579CBE9FC4D}
		{DE0E051E-C851-47C3-A178-469DA680EE10} = {8B290487-4C16-E85E-E807-F579CBE9FC4D}
		{9048EB7F-3875-A59E-E36B-5BD4C6F2A282} = {827E0CD3-B72D-47B6-A68D-7590B98EB39B}
		{7679B8D9-C52F-4BD9-9DCF-5ABCA7D200F5} = {9048EB7F-3875-A59E-E36B-5BD4C6F2A282}
		{981C2CF6-E5BB-602A-511C-234B538302B0} = {827E0CD3-B72D-47B6-A68D-7590B98EB39B}
		{5A472BF7-3DF6-420F-857A-754511125732} = {981C2CF6-E5BB-602A-511C-234B538302B0}
	EndGlobalSection
EndGlobal
